
Microsoft Visual Studio Solution File, Format Version 12.00
# Visual Studio Version 17
VisualStudioVersion = 17.14.36203.30
MinimumVisualStudioVersion = 10.0.40219.1
Project("{FAE04EC0-301F-11D3-BF4B-00C04F79EFBC}") = "AgroProductEcommerce", "AgroProductEcommerce\AgroProductEcommerce.csproj", "{75F1FDB7-EA04-4C70-AD79-43D52EDB8D44}"
EndProject
Global
	GlobalSection(SolutionConfigurationPlatforms) = preSolution
		Debug|Any CPU = Debug|Any CPU
		Release|Any CPU = Release|Any CPU
	EndGlobalSection
	GlobalSection(ProjectConfigurationPlatforms) = postSolution
		{75F1FDB7-EA04-4C70-AD79-43D52EDB8D44}.Debug|Any CPU.ActiveCfg = Debug|Any CPU
		{75F1FDB7-EA04-4C70-AD79-43D52EDB8D44}.Debug|Any CPU.Build.0 = Debug|Any CPU
		{75F1FDB7-EA04-4C70-AD79-43D52EDB8D44}.Release|Any CPU.ActiveCfg = Release|Any CPU
		{75F1FDB7-EA04-4C70-AD79-43D52EDB8D44}.Release|Any CPU.Build.0 = Release|Any CPU
	EndGlobalSection
	GlobalSection(SolutionProperties) = preSolution
		HideSolutionNode = FALSE
	EndGlobalSection
	GlobalSection(ExtensibilityGlobals) = postSolution
		SolutionGuid = {398647D4-027C-4053-9749-A3F70A518091}
	EndGlobalSection
EndGlobal
